
Microsoft Visual Studio Solution File, Format Version 12.00
# Visual Studio Version 17
VisualStudioVersion = 17.5.002.0
MinimumVisualStudioVersion = 10.0.40219.1
Project("{9A19103F-16F7-4668-BE54-9A1E7A4F7556}") = "AvatarApp", "AvatarApp\AvatarApp.csproj", "{CB6EC253-8899-4302-AF63-01CBBDC02C38}"
EndProject
Global
	GlobalSection(SolutionConfigurationPlatforms) = preSolution
		Debug|Any CPU = Debug|Any CPU
		Release|Any CPU = Release|Any CPU
	EndGlobalSection
	GlobalSection(ProjectConfigurationPlatforms) = postSolution
		{CB6EC253-8899-4302-AF63-01CBBDC02C38}.Debug|Any CPU.ActiveCfg = Debug|Any CPU
		{CB6EC253-8899-4302-AF63-01CBBDC02C38}.Debug|Any CPU.Build.0 = Debug|Any CPU
		{CB6EC253-8899-4302-AF63-01CBBDC02C38}.Release|Any CPU.ActiveCfg = Release|Any CPU
		{CB6EC253-8899-4302-AF63-01CBBDC02C38}.Release|Any CPU.Build.0 = Release|Any CPU
	EndGlobalSection
	GlobalSection(SolutionProperties) = preSolution
		HideSolutionNode = FALSE
	EndGlobalSection
	GlobalSection(ExtensibilityGlobals) = postSolution
		SolutionGuid = {3FCE7630-34BB-4837-A101-7717353DF8A6}
	EndGlobalSection
EndGlobal
